
Microsoft Visual Studio Solution File, Format Version 12.00
# Visual Studio Version 17
VisualStudioVersion = 17.3.32901.215
MinimumVisualStudioVersion = 10.0.40219.1
Project("{FAE04EC0-301F-11D3-BF4B-00C04F79EFBC}") = "TP02.Android", "TP02.Android\TP02.Android.csproj", "{B2BEBFF5-FDA8-4A98-AD16-B210231D4BD3}"
EndProject
Project("{FAE04EC0-301F-11D3-BF4B-00C04F79EFBC}") = "TP02", "TP02\TP02.csproj", "{2E7EBBEF-2048-41AD-8F01-2B777B551DEE}"
EndProject
Global
	GlobalSection(SolutionConfigurationPlatforms) = preSolution
		Debug|Any CPU = Debug|Any CPU
		Release|Any CPU = Release|Any CPU
	EndGlobalSection
	GlobalSection(ProjectConfigurationPlatforms) = postSolution
		{B2BEBFF5-FDA8-4A98-AD16-B210231D4BD3}.Debug|Any CPU.ActiveCfg = Debug|Any CPU
		{B2BEBFF5-FDA8-4A98-AD16-B210231D4BD3}.Debug|Any CPU.Build.0 = Debug|Any CPU
		{B2BEBFF5-FDA8-4A98-AD16-B210231D4BD3}.Debug|Any CPU.Deploy.0 = Debug|Any CPU
		{B2BEBFF5-FDA8-4A98-AD16-B210231D4BD3}.Release|Any CPU.ActiveCfg = Release|Any CPU
		{B2BEBFF5-FDA8-4A98-AD16-B210231D4BD3}.Release|Any CPU.Build.0 = Release|Any CPU
		{B2BEBFF5-FDA8-4A98-AD16-B210231D4BD3}.Release|Any CPU.Deploy.0 = Release|Any CPU
		{2E7EBBEF-2048-41AD-8F01-2B777B551DEE}.Debug|Any CPU.ActiveCfg = Debug|Any CPU
		{2E7EBBEF-2048-41AD-8F01-2B777B551DEE}.Debug|Any CPU.Build.0 = Debug|Any CPU
		{2E7EBBEF-2048-41AD-8F01-2B777B551DEE}.Debug|Any CPU.Deploy.0 = Debug|Any CPU
		{2E7EBBEF-2048-41AD-8F01-2B777B551DEE}.Release|Any CPU.ActiveCfg = Release|Any CPU
		{2E7EBBEF-2048-41AD-8F01-2B777B551DEE}.Release|Any CPU.Build.0 = Release|Any CPU
		{2E7EBBEF-2048-41AD-8F01-2B777B551DEE}.Release|Any CPU.Deploy.0 = Release|Any CPU
	EndGlobalSection
	GlobalSection(SolutionProperties) = preSolution
		HideSolutionNode = FALSE
	EndGlobalSection
	GlobalSection(ExtensibilityGlobals) = postSolution
		SolutionGuid = {DAD1B313-C9F1-4A9E-8081-D8266C23BB1D}
	EndGlobalSection
EndGlobal
